
Microsoft Visual Studio Solution File, Format Version 12.00
Project("{FAE04EC0-301F-11D3-BF4B-00C04F79EFBC}") = "Zanzarah_fairy_book", "Zanzarah_fairy_book\Zanzarah_fairy_book.csproj", "{95B836EC-B687-4BEE-B993-465B8D8A4B6E}"
EndProject
Global
	GlobalSection(SolutionConfigurationPlatforms) = preSolution
		Debug|Any CPU = Debug|Any CPU
		Release|Any CPU = Release|Any CPU
	EndGlobalSection
	GlobalSection(ProjectConfigurationPlatforms) = postSolution
		{95B836EC-B687-4BEE-B993-465B8D8A4B6E}.Debug|Any CPU.ActiveCfg = Debug|Any CPU
		{95B836EC-B687-4BEE-B993-465B8D8A4B6E}.Debug|Any CPU.Build.0 = Debug|Any CPU
		{95B836EC-B687-4BEE-B993-465B8D8A4B6E}.Release|Any CPU.ActiveCfg = Release|Any CPU
		{95B836EC-B687-4BEE-B993-465B8D8A4B6E}.Release|Any CPU.Build.0 = Release|Any CPU
	EndGlobalSection
EndGlobal
